lockfileVersion: '6.0'

dependencies:
  '@trpc/client':
    specifier: ^10.43.3
    version: 10.43.3(@trpc/server@10.43.3)
  undici:
    specifier: ^5.14.0
    version: 5.14.0

devDependencies:
  '@types/node':
    specifier: ^18.16.16
    version: 18.16.16

packages:

  /@trpc/client@10.43.3(@trpc/server@10.43.3):
    resolution: {integrity: sha512-r/aE1l2iybJMlXCf+KWqSQpIloOqw/3jQhZD8F4VpvczWPI5fEQCmZZuPHAz2L/PiGE5K/ZwXQrJsT207ZQ2AQ==}
    peerDependencies:
      '@trpc/server': 10.43.3
    dependencies:
      '@trpc/server': 10.43.3
    dev: false

  /@trpc/server@10.43.3:
    resolution: {integrity: sha512-U7HsNtgjupNvPzH6ho4rPlIXZ2t5PctOH6pmFX4jv4YJi98RjGuOhHUNhiiVb8KUw6Kuh5EHTAv7cUV+igbMuQ==}
    engines: {node: '>=18.0.0'}
    dev: false

  /@types/node@18.16.16:
    resolution: {integrity: sha512-NpaM49IGQQAUlBhHMF82QH80J08os4ZmyF9MkpCzWAGuOHqE4gTEbhzd7L3l5LmWuZ6E0OiC1FweQ4tsiW35+g==}
    dev: true

  /busboy@1.6.0:
    resolution: {integrity: sha512-8SFQbg/0hQ9xy3UNTB0YEnsNBbWfhf7RtnzpL7TkBiTBRfrQ9Fxcnz7VJsleJpyp6rVLvXiuORqjlHi5q+PYuA==}
    engines: {node: '>=10.16.0'}
    dependencies:
      streamsearch: 1.1.0
    dev: false

  /streamsearch@1.1.0:
    resolution: {integrity: sha512-Mcc5wHehp9aXz1ax6bZUyY5afg9u2rv5cqQI3mRrYkGC8rW2hM02jWuwjtL++LS5qinSyhj2QfLyNsuc+VsExg==}
    engines: {node: '>=10.0.0'}
    dev: false

  /undici@5.14.0:
    resolution: {integrity: sha512-yJlHYw6yXPPsuOH0x2Ib1Km61vu4hLiRRQoafs+WUgX1vO64vgnxiCEN9dpIrhZyHFsai3F0AEj4P9zy19enEQ==}
    engines: {node: '>=12.18'}
    dependencies:
      busboy: 1.6.0
    dev: false
